name: update-flake-lock
on:
  workflow_dispatch: # allows manual triggering
  schedule:
    - cron: '0 0 * * 0' # runs weekly on Sunday at 00:00
jobs:
  lockfile:
    runs-on: ubuntu-latest
    steps:
      - name: Checkout repository
        uses: actions/checkout@93cb6efe18208431cddfb8368fd83d5badbf9bfd # v5.0.1
      - name: Install Nix
        uses: cachix/install-nix-action@0b0e072294b088b73964f1d72dfdac0951439dbd # v31
        with:
          extra_nix_config: |
            access-tokens = github.com=${{ secrets.GITHUB_TOKEN }}
      - name: Update flake.lock
        uses: DeterminateSystems/update-flake-lock@c5930b397a673a70ca70be06020e943aeac310a1 # v27
        with:
          token: ${{ secrets.GH_TOKEN_FOR_UPDATES }}
          pr-labels: |
            dependencies
            nix
